PODS:
  - XHMagicRecordCamera (0.1.0)

DEPENDENCIES:
  - XHMagicRecordCamera (from `../`)

EXTERNAL SOURCES:
  XHMagicRecordCamera:
    :path: "../"

SPEC CHECKSUMS:
  XHMagicRecordCamera: a167c5018f6ec433896ffac70b8bce432a2aa317

PODFILE CHECKSUM: 1563fd109fb2f5e71f715223cd2d5ff7fadb61b2

COCOAPODS: 1.2.1.beta.1
